// !$*UTF8*$!
{
	archiveVersion = 1;
	classes = {
	};
	objectVersion = 56;
	objects = {

/* Begin PBXBuildFile section */
		7836DC57295C7E64000E270A /* NightlightApp.swift in Sources */ = {isa = PBXBuildFile; fileRef = 7836DC56295C7E64000E270A /* NightlightApp.swift */; };
		7836DC59295C7E64000E270A /* ContentView.swift in Sources */ = {isa = PBXBuildFile; fileRef = 7836DC58295C7E64000E270A /* ContentView.swift */; };
		7836DC5B295C7E65000E270A /* Assets.xcassets in Resources */ = {isa = PBXBuildFile; fileRef = 7836DC5A295C7E65000E270A /* Assets.xcassets */; };
		7836DC5F295C7E65000E270A /* Preview Assets.xcassets in Resources */ = {isa = PBXBuildFile; fileRef = 7836DC5E295C7E65000E270A /* Preview Assets.xcassets */; };
		7836DC68295D9EF1000E270A /* OptionsView.swift in Sources */ = {isa = PBXBuildFile; fileRef = 7836DC67295D9EF1000E270A /* OptionsView.swift */; };
		7836DC6B295D9F41000E270A /* Light + LightColor.swift in Sources */ = {isa = PBXBuildFile; fileRef = 7836DC6A295D9F41000E270A /* Light + LightColor.swift */; };
		7836DC6D295EF58A000E270A /* LightData.swift in Sources */ = {isa = PBXBuildFile; fileRef = 7836DC6C295EF58A000E270A /* LightData.swift */; };
		7836DC6F295F1AAF000E270A /* NightLight.swift in Sources */ = {isa = PBXBuildFile; fileRef = 7836DC6E295F1AAF000E270A /* NightLight.swift */; };
		7836DC71295F2A42000E270A /* SingleColorView.swift in Sources */ = {isa = PBXBuildFile; fileRef = 7836DC70295F2A42000E270A /* SingleColorView.swift */; };
		78B435C629632910009DDB97 /* ExperimentalColorShifts.swift in Sources */ = {isa = PBXBuildFile; fileRef = 78B435C529632910009DDB97 /* ExperimentalColorShifts.swift */; };
		78B435C829635F2C009DDB97 /* ColorChangeTimer.swift in Sources */ = {isa = PBXBuildFile; fileRef = 78B435C729635F2C009DDB97 /* ColorChangeTimer.swift */; };
		78B435CC29646565009DDB97 /* FlickerTimer.swift in Sources */ = {isa = PBXBuildFile; fileRef = 78B435CB29646565009DDB97 /* FlickerTimer.swift */; };
/* End PBXBuildFile section */

/* Begin PBXFileReference section */
		7836DC53295C7E64000E270A /* Nightlight.app */ = {isa = PBXFileReference; explicitFileType = wrapper.application; includeInIndex = 0; path = Nightlight.app; sourceTree = BUILT_PRODUCTS_DIR; };
		7836DC56295C7E64000E270A /* NightlightApp.swift */ = {isa = PBXFileReference; lastKnownFileType = sourcecode.swift; path = NightlightApp.swift; sourceTree = "<group>"; };
		7836DC58295C7E64000E270A /* ContentView.swift */ = {isa = PBXFileReference; lastKnownFileType = sourcecode.swift; path = ContentView.swift; sourceTree = "<group>"; };
		7836DC5A295C7E65000E270A /* Assets.xcassets */ = {isa = PBXFileReference; lastKnownFileType = folder.assetcatalog; path = Assets.xcassets; sourceTree = "<group>"; };
		7836DC5C295C7E65000E270A /* Nightlight.entitlements */ = {isa = PBXFileReference; lastKnownFileType = text.plist.entitlements; path = Nightlight.entitlements; sourceTree = "<group>"; };
		7836DC5E295C7E65000E270A /* Preview Assets.xcassets */ = {isa = PBXFileReference; lastKnownFileType = folder.assetcatalog; path = "Preview Assets.xcassets"; sourceTree = "<group>"; };
		7836DC67295D9EF1000E270A /* OptionsView.swift */ = {isa = PBXFileReference; lastKnownFileType = sourcecode.swift; path = OptionsView.swift; sourceTree = "<group>"; };
		7836DC6A295D9F41000E270A /* Light + LightColor.swift */ = {isa = PBXFileReference; lastKnownFileType = sourcecode.swift; path = "Light + LightColor.swift"; sourceTree = "<group>"; };
		7836DC6C295EF58A000E270A /* LightData.swift */ = {isa = PBXFileReference; lastKnownFileType = sourcecode.swift; path = LightData.swift; sourceTree = "<group>"; };
		7836DC6E295F1AAF000E270A /* NightLight.swift */ = {isa = PBXFileReference; lastKnownFileType = sourcecode.swift; path = NightLight.swift; sourceTree = "<group>"; };
		7836DC70295F2A42000E270A /* SingleColorView.swift */ = {isa = PBXFileReference; lastKnownFileType = sourcecode.swift; path = SingleColorView.swift; sourceTree = "<group>"; };
		78B435C529632910009DDB97 /* ExperimentalColorShifts.swift */ = {isa = PBXFileReference; lastKnownFileType = sourcecode.swift; path = ExperimentalColorShifts.swift; sourceTree = "<group>"; };
		78B435C729635F2C009DDB97 /* ColorChangeTimer.swift */ = {isa = PBXFileReference; lastKnownFileType = sourcecode.swift; path = ColorChangeTimer.swift; sourceTree = "<group>"; };
		78B435CB29646565009DDB97 /* FlickerTimer.swift */ = {isa = PBXFileReference; lastKnownFileType = sourcecode.swift; path = FlickerTimer.swift; sourceTree = "<group>"; };
/* End PBXFileReference section */

/* Begin PBXFrameworksBuildPhase section */
		7836DC50295C7E64000E270A /* Frameworks */ = {
			isa = PBXFrameworksBuildPhase;
			buildActionMask = 2147483647;
			files = (
			);
			runOnlyForDeploymentPostprocessing = 0;
		};
/* End PBXFrameworksBuildPhase section */

/* Begin PBXGroup section */
		7836DC4A295C7E64000E270A = {
			isa = PBXGroup;
			children = (
				7836DC55295C7E64000E270A /* Nightlight */,
				7836DC54295C7E64000E270A /* Products */,
			);
			sourceTree = "<group>";
		};
		7836DC54295C7E64000E270A /* Products */ = {
			isa = PBXGroup;
			children = (
				7836DC53295C7E64000E270A /* Nightlight.app */,
			);
			name = Products;
			sourceTree = "<group>";
		};
		7836DC55295C7E64000E270A /* Nightlight */ = {
			isa = PBXGroup;
			children = (
				7836DC56295C7E64000E270A /* NightlightApp.swift */,
				7836DC58295C7E64000E270A /* ContentView.swift */,
				7836DC67295D9EF1000E270A /* OptionsView.swift */,
				7836DC70295F2A42000E270A /* SingleColorView.swift */,
				78B435C529632910009DDB97 /* ExperimentalColorShifts.swift */,
				7836DC69295D9F21000E270A /* Model */,
				7836DC5A295C7E65000E270A /* Assets.xcassets */,
				7836DC5C295C7E65000E270A /* Nightlight.entitlements */,
				7836DC5D295C7E65000E270A /* Preview Content */,
			);
			path = Nightlight;
			sourceTree = "<group>";
		};
		7836DC5D295C7E65000E270A /* Preview Content */ = {
			isa = PBXGroup;
			children = (
				7836DC5E295C7E65000E270A /* Preview Assets.xcassets */,
			);
			path = "Preview Content";
			sourceTree = "<group>";
		};
		7836DC69295D9F21000E270A /* Model */ = {
			isa = PBXGroup;
			children = (
				7836DC6A295D9F41000E270A /* Light + LightColor.swift */,
				7836DC6C295EF58A000E270A /* LightData.swift */,
				7836DC6E295F1AAF000E270A /* NightLight.swift */,
				78B435C729635F2C009DDB97 /* ColorChangeTimer.swift */,
				78B435CB29646565009DDB97 /* FlickerTimer.swift */,
			);
			path = Model;
			sourceTree = "<group>";
		};
/* End PBXGroup section */

/* Begin PBXNativeTarget section */
		7836DC52295C7E64000E270A /* Nightlight */ = {
			isa = PBXNativeTarget;
			buildConfigurationList = 7836DC62295C7E65000E270A /* Build configuration list for PBXNativeTarget "Nightlight" */;
			buildPhases = (
				7836DC4F295C7E64000E270A /* Sources */,
				7836DC50295C7E64000E270A /* Frameworks */,
				7836DC51295C7E64000E270A /* Resources */,
			);
			buildRules = (
			);
			dependencies = (
			);
			name = Nightlight;
			productName = Nightlight;
			productReference = 7836DC53295C7E64000E270A /* Nightlight.app */;
			productType = "com.apple.product-type.application";
		};
/* End PBXNativeTarget section */

/* Begin PBXProject section */
		7836DC4B295C7E64000E270A /* Project object */ = {
			isa = PBXProject;
			attributes = {
				BuildIndependentTargetsInParallel = 1;
				LastSwiftUpdateCheck = 1420;
				LastUpgradeCheck = 1420;
				TargetAttributes = {
					7836DC52295C7E64000E270A = {
						CreatedOnToolsVersion = 14.2;
					};
				};
			};
			buildConfigurationList = 7836DC4E295C7E64000E270A /* Build configuration list for PBXProject "Nightlight" */;
			compatibilityVersion = "Xcode 14.0";
			developmentRegion = en;
			hasScannedForEncodings = 0;
			knownRegions = (
				en,
				Base,
			);
			mainGroup = 7836DC4A295C7E64000E270A;
			productRefGroup = 7836DC54295C7E64000E270A /* Products */;
			projectDirPath = "";
			projectRoot = "";
			targets = (
				7836DC52295C7E64000E270A /* Nightlight */,
			);
		};
/* End PBXProject section */

/* Begin PBXResourcesBuildPhase section */
		7836DC51295C7E64000E270A /* Resources */ = {
			isa = PBXResourcesBuildPhase;
			buildActionMask = 2147483647;
			files = (
				7836DC5F295C7E65000E270A /* Preview Assets.xcassets in Resources */,
				7836DC5B295C7E65000E270A /* Assets.xcassets in Resources */,
			);
			runOnlyForDeploymentPostprocessing = 0;
		};
/* End PBXResourcesBuildPhase section */

/* Begin PBXSourcesBuildPhase section */
		7836DC4F295C7E64000E270A /* Sources */ = {
			isa = PBXSourcesBuildPhase;
			buildActionMask = 2147483647;
			files = (
				7836DC6D295EF58A000E270A /* LightData.swift in Sources */,
				7836DC6F295F1AAF000E270A /* NightLight.swift in Sources */,
				7836DC6B295D9F41000E270A /* Light + LightColor.swift in Sources */,
				7836DC71295F2A42000E270A /* SingleColorView.swift in Sources */,
				7836DC59295C7E64000E270A /* ContentView.swift in Sources */,
				7836DC57295C7E64000E270A /* NightlightApp.swift in Sources */,
				78B435C629632910009DDB97 /* ExperimentalColorShifts.swift in Sources */,
				7836DC68295D9EF1000E270A /* OptionsView.swift in Sources */,
				78B435CC29646565009DDB97 /* FlickerTimer.swift in Sources */,
				78B435C829635F2C009DDB97 /* ColorChangeTimer.swift in Sources */,
			);
			runOnlyForDeploymentPostprocessing = 0;
		};
/* End PBXSourcesBuildPhase section */

/* Begin XCBuildConfiguration section */
		7836DC60295C7E65000E270A /* Debug */ = {
			isa = XCBuildConfiguration;
			buildSettings = {
				ALWAYS_SEARCH_USER_PATHS = NO;
				CLANG_ANALYZER_NONNULL = YES;
				CLANG_ANALYZER_NUMBER_OBJECT_CONVERSION = YES_AGGRESSIVE;
				CLANG_CXX_LANGUAGE_STANDARD = "gnu++20";
				CLANG_ENABLE_MODULES = YES;
				CLANG_ENABLE_OBJC_ARC = YES;
				CLANG_ENABLE_OBJC_WEAK = YES;
				CLANG_WARN_BLOCK_CAPTURE_AUTORELEASING = YES;
				CLANG_WARN_BOOL_CONVERSION = YES;
				CLANG_WARN_COMMA = YES;
				CLANG_WARN_CONSTANT_CONVERSION = YES;
				CLANG_WARN_DEPRECATED_OBJC_IMPLEMENTATIONS = YES;
				CLANG_WARN_DIRECT_OBJC_ISA_USAGE = YES_ERROR;
				CLANG_WARN_DOCUMENTATION_COMMENTS = YES;
				CLANG_WARN_EMPTY_BODY = YES;
				CLANG_WARN_ENUM_CONVERSION = YES;
				CLANG_WARN_INFINITE_RECURSION = YES;
				CLANG_WARN_INT_CONVERSION = YES;
				CLANG_WARN_NON_LITERAL_NULL_CONVERSION = YES;
				CLANG_WARN_OBJC_IMPLICIT_RETAIN_SELF = YES;
				CLANG_WARN_OBJC_LITERAL_CONVERSION = YES;
				CLANG_WARN_OBJC_ROOT_CLASS = YES_ERROR;
				CLANG_WARN_QUOTED_INCLUDE_IN_FRAMEWORK_HEADER = YES;
				CLANG_WARN_RANGE_LOOP_ANALYSIS = YES;
				CLANG_WARN_STRICT_PROTOTYPES = YES;
				CLANG_WARN_SUSPICIOUS_MOVE = YES;
				CLANG_WARN_UNGUARDED_AVAILABILITY = YES_AGGRESSIVE;
				CLANG_WARN_UNREACHABLE_CODE = YES;
				CLANG_WARN__DUPLICATE_METHOD_MATCH = YES;
				COPY_PHASE_STRIP = NO;
				DEBUG_INFORMATION_FORMAT = dwarf;
				ENABLE_STRICT_OBJC_MSGSEND = YES;
				ENABLE_TESTABILITY = YES;
				GCC_C_LANGUAGE_STANDARD = gnu11;
				GCC_DYNAMIC_NO_PIC = NO;
				GCC_NO_COMMON_BLOCKS = YES;
				GCC_OPTIMIZATION_LEVEL = 0;
				GCC_PREPROCESSOR_DEFINITIONS = (
					"DEBUG=1",
					"$(inherited)",
				);
				GCC_WARN_64_TO_32_BIT_CONVERSION = YES;
				GCC_WARN_ABOUT_RETURN_TYPE = YES_ERROR;
				GCC_WARN_UNDECLARED_SELECTOR = YES;
				GCC_WARN_UNINITIALIZED_AUTOS = YES_AGGRESSIVE;
				GCC_WARN_UNUSED_FUNCTION = YES;
				GCC_WARN_UNUSED_VARIABLE = YES;
				MTL_ENABLE_DEBUG_INFO = INCLUDE_SOURCE;
				MTL_FAST_MATH = YES;
				ONLY_ACTIVE_ARCH = YES;
				SWIFT_ACTIVE_COMPILATION_CONDITIONS = DEBUG;
				SWIFT_OPTIMIZATION_LEVEL = "-Onone";
			};
			name = Debug;
		};
		7836DC61295C7E65000E270A /* Release */ = {
			isa = XCBuildConfiguration;
			buildSettings = {
				ALWAYS_SEARCH_USER_PATHS = NO;
				CLANG_ANALYZER_NONNULL = YES;
				CLANG_ANALYZER_NUMBER_OBJECT_CONVERSION = YES_AGGRESSIVE;
				CLANG_CXX_LANGUAGE_STANDARD = "gnu++20";
				CLANG_ENABLE_MODULES = YES;
				CLANG_ENABLE_OBJC_ARC = YES;
				CLANG_ENABLE_OBJC_WEAK = YES;
				CLANG_WARN_BLOCK_CAPTURE_AUTORELEASING = YES;
				CLANG_WARN_BOOL_CONVERSION = YES;
				CLANG_WARN_COMMA = YES;
				CLANG_WARN_CONSTANT_CONVERSION = YES;
				CLANG_WARN_DEPRECATED_OBJC_IMPLEMENTATIONS = YES;
				CLANG_WARN_DIRECT_OBJC_ISA_USAGE = YES_ERROR;
				CLANG_WARN_DOCUMENTATION_COMMENTS = YES;
				CLANG_WARN_EMPTY_BODY = YES;
				CLANG_WARN_ENUM_CONVERSION = YES;
				CLANG_WARN_INFINITE_RECURSION = YES;
				CLANG_WARN_INT_CONVERSION = YES;
				CLANG_WARN_NON_LITERAL_NULL_CONVERSION = YES;
				CLANG_WARN_OBJC_IMPLICIT_RETAIN_SELF = YES;
				CLANG_WARN_OBJC_LITERAL_CONVERSION = YES;
				CLANG_WARN_OBJC_ROOT_CLASS = YES_ERROR;
				CLANG_WARN_QUOTED_INCLUDE_IN_FRAMEWORK_HEADER = YES;
				CLANG_WARN_RANGE_LOOP_ANALYSIS = YES;
				CLANG_WARN_STRICT_PROTOTYPES = YES;
				CLANG_WARN_SUSPICIOUS_MOVE = YES;
				CLANG_WARN_UNGUARDED_AVAILABILITY = YES_AGGRESSIVE;
				CLANG_WARN_UNREACHABLE_CODE = YES;
				CLANG_WARN__DUPLICATE_METHOD_MATCH = YES;
				COPY_PHASE_STRIP = NO;
				DEBUG_INFORMATION_FORMAT = "dwarf-with-dsym";
				ENABLE_NS_ASSERTIONS = NO;
				ENABLE_STRICT_OBJC_MSGSEND = YES;
				GCC_C_LANGUAGE_STANDARD = gnu11;
				GCC_NO_COMMON_BLOCKS = YES;
				GCC_WARN_64_TO_32_BIT_CONVERSION = YES;
				GCC_WARN_ABOUT_RETURN_TYPE = YES_ERROR;
				GCC_WARN_UNDECLARED_SELECTOR = YES;
				GCC_WARN_UNINITIALIZED_AUTOS = YES_AGGRESSIVE;
				GCC_WARN_UNUSED_FUNCTION = YES;
				GCC_WARN_UNUSED_VARIABLE = YES;
				MTL_ENABLE_DEBUG_INFO = NO;
				MTL_FAST_MATH = YES;
				SWIFT_COMPILATION_MODE = wholemodule;
				SWIFT_OPTIMIZATION_LEVEL = "-O";
			};
			name = Release;
		};
		7836DC63295C7E65000E270A /* Debug */ = {
			isa = XCBuildConfiguration;
			buildSettings = {
				ASSETCATALOG_COMPILER_APPICON_NAME = AppIcon;
				ASSETCATALOG_COMPILER_GLOBAL_ACCENT_COLOR_NAME = AccentColor;
				CODE_SIGN_ENTITLEMENTS = Nightlight/Nightlight.entitlements;
				CODE_SIGN_STYLE = Automatic;
				CURRENT_PROJECT_VERSION = 1;
				DEVELOPMENT_ASSET_PATHS = "\"Nightlight/Preview Content\"";
				DEVELOPMENT_TEAM = XDR8Y54N77;
				ENABLE_HARDENED_RUNTIME = YES;
				ENABLE_PREVIEWS = YES;
				GENERATE_INFOPLIST_FILE = YES;
				"INFOPLIST_KEY_UIApplicationSceneManifest_Generation[sdk=iphoneos*]" = YES;
				"INFOPLIST_KEY_UIApplicationSceneManifest_Generation[sdk=iphonesimulator*]" = YES;
				"INFOPLIST_KEY_UIApplicationSupportsIndirectInputEvents[sdk=iphoneos*]" = YES;
				"INFOPLIST_KEY_UIApplicationSupportsIndirectInputEvents[sdk=iphonesimulator*]" = YES;
				"INFOPLIST_KEY_UILaunchScreen_Generation[sdk=iphoneos*]" = YES;
				"INFOPLIST_KEY_UILaunchScreen_Generation[sdk=iphonesimulator*]" = YES;
				"INFOPLIST_KEY_UIStatusBarStyle[sdk=iphoneos*]" = UIStatusBarStyleDefault;
				"INFOPLIST_KEY_UIStatusBarStyle[sdk=iphonesimulator*]" = UIStatusBarStyleDefault;
				INFOPLIST_KEY_UISupportedInterfaceOrientations_iPad = "UIInterfaceOrientationPortrait UIInterfaceOrientationPortraitUpsideDown UIInterfaceOrientationLandscapeLeft UIInterfaceOrientationLandscapeRight";
				INFOPLIST_KEY_UISupportedInterfaceOrientations_iPhone = "UIInterfaceOrientationPortrait UIInterfaceOrientationLandscapeLeft UIInterfaceOrientationLandscapeRight";
				IPHONEOS_DEPLOYMENT_TARGET = 16.2;
				LD_RUNPATH_SEARCH_PATHS = "@executable_path/Frameworks";
				"LD_RUNPATH_SEARCH_PATHS[sdk=macosx*]" = "@executable_path/../Frameworks";
				MACOSX_DEPLOYMENT_TARGET = 13.0;
				MARKETING_VERSION = 1.0;
				PRODUCT_BUNDLE_IDENTIFIER = com.project7III.Nightlight;
				PRODUCT_NAME = "$(TARGET_NAME)";
				SDKROOT = auto;
				SUPPORTED_PLATFORMS = "iphoneos iphonesimulator macosx";
				SWIFT_EMIT_LOC_STRINGS = YES;
				SWIFT_VERSION = 5.0;
				TARGETED_DEVICE_FAMILY = "1,2";
			};
			name = Debug;
		};
		7836DC64295C7E65000E270A /* Release */ = {
			isa = XCBuildConfiguration;
			buildSettings = {
				ASSETCATALOG_COMPILER_APPICON_NAME = AppIcon;
				ASSETCATALOG_COMPILER_GLOBAL_ACCENT_COLOR_NAME = AccentColor;
				CODE_SIGN_ENTITLEMENTS = Nightlight/Nightlight.entitlements;
				CODE_SIGN_STYLE = Automatic;
				CURRENT_PROJECT_VERSION = 1;
				DEVELOPMENT_ASSET_PATHS = "\"Nightlight/Preview Content\"";
				DEVELOPMENT_TEAM = XDR8Y54N77;
				ENABLE_HARDENED_RUNTIME = YES;
				ENABLE_PREVIEWS = YES;
				GENERATE_INFOPLIST_FILE = YES;
				"INFOPLIST_KEY_UIApplicationSceneManifest_Generation[sdk=iphoneos*]" = YES;
				"INFOPLIST_KEY_UIApplicationSceneManifest_Generation[sdk=iphonesimulator*]" = YES;
				"INFOPLIST_KEY_UIApplicationSupportsIndirectInputEvents[sdk=iphoneos*]" = YES;
				"INFOPLIST_KEY_UIApplicationSupportsIndirectInputEvents[sdk=iphonesimulator*]" = YES;
				"INFOPLIST_KEY_UILaunchScreen_Generation[sdk=iphoneos*]" = YES;
				"INFOPLIST_KEY_UILaunchScreen_Generation[sdk=iphonesimulator*]" = YES;
				"INFOPLIST_KEY_UIStatusBarStyle[sdk=iphoneos*]" = UIStatusBarStyleDefault;
				"INFOPLIST_KEY_UIStatusBarStyle[sdk=iphonesimulator*]" = UIStatusBarStyleDefault;
				INFOPLIST_KEY_UISupportedInterfaceOrientations_iPad = "UIInterfaceOrientationPortrait UIInterfaceOrientationPortraitUpsideDown UIInterfaceOrientationLandscapeLeft UIInterfaceOrientationLandscapeRight";
				INFOPLIST_KEY_UISupportedInterfaceOrientations_iPhone = "UIInterfaceOrientationPortrait UIInterfaceOrientationLandscapeLeft UIInterfaceOrientationLandscapeRight";
				IPHONEOS_DEPLOYMENT_TARGET = 16.2;
				LD_RUNPATH_SEARCH_PATHS = "@executable_path/Frameworks";
				"LD_RUNPATH_SEARCH_PATHS[sdk=macosx*]" = "@executable_path/../Frameworks";
				MACOSX_DEPLOYMENT_TARGET = 13.0;
				MARKETING_VERSION = 1.0;
				PRODUCT_BUNDLE_IDENTIFIER = com.project7III.Nightlight;
				PRODUCT_NAME = "$(TARGET_NAME)";
				SDKROOT = auto;
				SUPPORTED_PLATFORMS = "iphoneos iphonesimulator macosx";
				SWIFT_EMIT_LOC_STRINGS = YES;
				SWIFT_VERSION = 5.0;
				TARGETED_DEVICE_FAMILY = "1,2";
			};
			name = Release;
		};
/* End XCBuildConfiguration section */

/* Begin XCConfigurationList section */
		7836DC4E295C7E64000E270A /* Build configuration list for PBXProject "Nightlight" */ = {
			isa = XCConfigurationList;
			buildConfigurations = (
				7836DC60295C7E65000E270A /* Debug */,
				7836DC61295C7E65000E270A /* Release */,
			);
			defaultConfigurationIsVisible = 0;
			defaultConfigurationName = Release;
		};
		7836DC62295C7E65000E270A /* Build configuration list for PBXNativeTarget "Nightlight" */ = {
			isa = XCConfigurationList;
			buildConfigurations = (
				7836DC63295C7E65000E270A /* Debug */,
				7836DC64295C7E65000E270A /* Release */,
			);
			defaultConfigurationIsVisible = 0;
			defaultConfigurationName = Release;
		};
/* End XCConfigurationList section */
	};
	rootObject = 7836DC4B295C7E64000E270A /* Project object */;
}
